
Microsoft Visual Studio Solution File, Format Version 12.00
# Visual Studio 15
VisualStudioVersion = 15.0.27703.2047
MinimumVisualStudioVersion = 10.0.40219.1
Project("{FAE04EC0-301F-11D3-BF4B-00C04F79EFBC}") = "valor interio", "valor interio\valor interio.csproj", "{C222793C-82FF-48B3-B531-A7CF36FC542E}"
EndProject
Global
	GlobalSection(SolutionConfigurationPlatforms) = preSolution
		Debug|Any CPU = Debug|Any CPU
		Release|Any CPU = Release|Any CPU
	EndGlobalSection
	GlobalSection(ProjectConfigurationPlatforms) = postSolution
		{C222793C-82FF-48B3-B531-A7CF36FC542E}.Debug|Any CPU.ActiveCfg = Debug|Any CPU
		{C222793C-82FF-48B3-B531-A7CF36FC542E}.Debug|Any CPU.Build.0 = Debug|Any CPU
		{C222793C-82FF-48B3-B531-A7CF36FC542E}.Release|Any CPU.ActiveCfg = Release|Any CPU
		{C222793C-82FF-48B3-B531-A7CF36FC542E}.Release|Any CPU.Build.0 = Release|Any CPU
	EndGlobalSection
	GlobalSection(SolutionProperties) = preSolution
		HideSolutionNode = FALSE
	EndGlobalSection
	GlobalSection(ExtensibilityGlobals) = postSolution
		SolutionGuid = {F4232CD0-8051-4A5B-824E-DCF3904A293C}
	EndGlobalSection
EndGlobal
