
Microsoft Visual Studio Solution File, Format Version 12.00
# Visual Studio 15
VisualStudioVersion = 15.0.28010.2026
MinimumVisualStudioVersion = 10.0.40219.1
Project("{FAE04EC0-301F-11D3-BF4B-00C04F79EFBC}") = "12. milhas", "12. milhas\12. milhas.csproj", "{C1F37953-9FE3-4C24-A1E2-D2FB7D217262}"
EndProject
Global
	GlobalSection(SolutionConfigurationPlatforms) = preSolution
		Debug|Any CPU = Debug|Any CPU
		Release|Any CPU = Release|Any CPU
	EndGlobalSection
	GlobalSection(ProjectConfigurationPlatforms) = postSolution
		{C1F37953-9FE3-4C24-A1E2-D2FB7D217262}.Debug|Any CPU.ActiveCfg = Debug|Any CPU
		{C1F37953-9FE3-4C24-A1E2-D2FB7D217262}.Debug|Any CPU.Build.0 = Debug|Any CPU
		{C1F37953-9FE3-4C24-A1E2-D2FB7D217262}.Release|Any CPU.ActiveCfg = Release|Any CPU
		{C1F37953-9FE3-4C24-A1E2-D2FB7D217262}.Release|Any CPU.Build.0 = Release|Any CPU
	EndGlobalSection
	GlobalSection(SolutionProperties) = preSolution
		HideSolutionNode = FALSE
	EndGlobalSection
	GlobalSection(ExtensibilityGlobals) = postSolution
		SolutionGuid = {1BC51258-0E62-4CD3-AD0B-4D18BFB42D4F}
	EndGlobalSection
EndGlobal
